
Microsoft Visual Studio Solution File, Format Version 12.00
# Visual Studio Version 16
VisualStudioVersion = 16.0.31613.86
MinimumVisualStudioVersion = 10.0.40219.1
Project("{FAE04EC0-301F-11D3-BF4B-00C04F79EFBC}") = "ApplicationCoreIdentityAzure.Web", "ApplicationCoreIdentityAzure.Web\ApplicationCoreIdentityAzure.Web.csproj", "{6B09AB1F-86AF-4F2B-B27D-60FED143AF0F}"
EndProject
Global
	GlobalSection(SolutionConfigurationPlatforms) = preSolution
		Debug|Any CPU = Debug|Any CPU
		Release|Any CPU = Release|Any CPU
	EndGlobalSection
	GlobalSection(ProjectConfigurationPlatforms) = postSolution
		{6B09AB1F-86AF-4F2B-B27D-60FED143AF0F}.Debug|Any CPU.ActiveCfg = Debug|Any CPU
		{6B09AB1F-86AF-4F2B-B27D-60FED143AF0F}.Debug|Any CPU.Build.0 = Debug|Any CPU
		{6B09AB1F-86AF-4F2B-B27D-60FED143AF0F}.Release|Any CPU.ActiveCfg = Release|Any CPU
		{6B09AB1F-86AF-4F2B-B27D-60FED143AF0F}.Release|Any CPU.Build.0 = Release|Any CPU
	EndGlobalSection
	GlobalSection(SolutionProperties) = preSolution
		HideSolutionNode = FALSE
	EndGlobalSection
	GlobalSection(ExtensibilityGlobals) = postSolution
		SolutionGuid = {C925D294-2F94-4529-A470-3923415F1B2B}
	EndGlobalSection
EndGlobal
